// !$*UTF8*$!
{
	archiveVersion = 1;
	classes = {
	};
	objectVersion = 55;
	objects = {

/* Begin PBXBuildFile section */
		65B2AEB028077FC200D7B386 /* AbrilFatface-Regular.ttf in Resources */ = {isa = PBXBuildFile; fileRef = 65B2AEAF28077FC200D7B386 /* AbrilFatface-Regular.ttf */; };
		65B2CE4828073B0D00086953 /* sprint_02_apploginApp.swift in Sources */ = {isa = PBXBuildFile; fileRef = 65B2CE4728073B0D00086953 /* sprint_02_apploginApp.swift */; };
		65B2CE4A28073B0D00086953 /* ContentView.swift in Sources */ = {isa = PBXBuildFile; fileRef = 65B2CE4928073B0D00086953 /* ContentView.swift */; };
		65B2CE4C28073B0E00086953 /* Assets.xcassets in Resources */ = {isa = PBXBuildFile; fileRef = 65B2CE4B28073B0E00086953 /* Assets.xcassets */; };
		65B2CE4F28073B0E00086953 /* Preview Assets.xcassets in Resources */ = {isa = PBXBuildFile; fileRef = 65B2CE4E28073B0E00086953 /* Preview Assets.xcassets */; };
/* End PBXBuildFile section */

/* Begin PBXFileReference section */
		65B2AEAF28077FC200D7B386 /* AbrilFatface-Regular.ttf */ = {isa = PBXFileReference; lastKnownFileType = file; path = "AbrilFatface-Regular.ttf"; sourceTree = "<group>"; };
		65B2AEB12807801D00D7B386 /* sprint-02-applogin-Info.plist */ = {isa = PBXFileReference; lastKnownFileType = text.plist; path = "sprint-02-applogin-Info.plist"; sourceTree = SOURCE_ROOT; };
		65B2CE4428073B0D00086953 /* sprint_02_applogin.app */ = {isa = PBXFileReference; explicitFileType = wrapper.application; includeInIndex = 0; path = sprint_02_applogin.app; sourceTree = BUILT_PRODUCTS_DIR; };
		65B2CE4728073B0D00086953 /* sprint_02_apploginApp.swift */ = {isa = PBXFileReference; lastKnownFileType = sourcecode.swift; path = sprint_02_apploginApp.swift; sourceTree = "<group>"; };
		65B2CE4928073B0D00086953 /* ContentView.swift */ = {isa = PBXFileReference; lastKnownFileType = sourcecode.swift; path = ContentView.swift; sourceTree = "<group>"; };
		65B2CE4B28073B0E00086953 /* Assets.xcassets */ = {isa = PBXFileReference; lastKnownFileType = folder.assetcatalog; path = Assets.xcassets; sourceTree = "<group>"; };
		65B2CE4E28073B0E00086953 /* Preview Assets.xcassets */ = {isa = PBXFileReference; lastKnownFileType = folder.assetcatalog; path = "Preview Assets.xcassets"; sourceTree = "<group>"; };
/* End PBXFileReference section */

/* Begin PBXFrameworksBuildPhase section */
		65B2CE4128073B0D00086953 /* Frameworks */ = {
			isa = PBXFrameworksBuildPhase;
			buildActionMask = 2147483647;
			files = (
			);
			runOnlyForDeploymentPostprocessing = 0;
		};
/* End PBXFrameworksBuildPhase section */

/* Begin PBXGroup section */
		65B2AEAE28077FB200D7B386 /* fonts */ = {
			isa = PBXGroup;
			children = (
				65B2AEAF28077FC200D7B386 /* AbrilFatface-Regular.ttf */,
			);
			path = fonts;
			sourceTree = "<group>";
		};
		65B2CE3B28073B0D00086953 = {
			isa = PBXGroup;
			children = (
				65B2AEAE28077FB200D7B386 /* fonts */,
				65B2CE4628073B0D00086953 /* sprint_02_applogin */,
				65B2CE4528073B0D00086953 /* Products */,
			);
			sourceTree = "<group>";
		};
		65B2CE4528073B0D00086953 /* Products */ = {
			isa = PBXGroup;
			children = (
				65B2CE4428073B0D00086953 /* sprint_02_applogin.app */,
			);
			name = Products;
			sourceTree = "<group>";
		};
		65B2CE4628073B0D00086953 /* sprint_02_applogin */ = {
			isa = PBXGroup;
			children = (
				65B2AEB12807801D00D7B386 /* sprint-02-applogin-Info.plist */,
				65B2CE4728073B0D00086953 /* sprint_02_apploginApp.swift */,
				65B2CE4928073B0D00086953 /* ContentView.swift */,
				65B2CE4B28073B0E00086953 /* Assets.xcassets */,
				65B2CE4D28073B0E00086953 /* Preview Content */,
			);
			path = sprint_02_applogin;
			sourceTree = "<group>";
		};
		65B2CE4D28073B0E00086953 /* Preview Content */ = {
			isa = PBXGroup;
			children = (
				65B2CE4E28073B0E00086953 /* Preview Assets.xcassets */,
			);
			path = "Preview Content";
			sourceTree = "<group>";
		};
/* End PBXGroup section */

/* Begin PBXNativeTarget section */
		65B2CE4328073B0D00086953 /* sprint_02_applogin */ = {
			isa = PBXNativeTarget;
			buildConfigurationList = 65B2CE5228073B0E00086953 /* Build configuration list for PBXNativeTarget "sprint_02_applogin" */;
			buildPhases = (
				65B2CE4028073B0D00086953 /* Sources */,
				65B2CE4128073B0D00086953 /* Frameworks */,
				65B2CE4228073B0D00086953 /* Resources */,
			);
			buildRules = (
			);
			dependencies = (
			);
			name = sprint_02_applogin;
			productName = sprint_02_applogin;
			productReference = 65B2CE4428073B0D00086953 /* sprint_02_applogin.app */;
			productType = "com.apple.product-type.application";
		};
/* End PBXNativeTarget section */

/* Begin PBXProject section */
		65B2CE3C28073B0D00086953 /* Project object */ = {
			isa = PBXProject;
			attributes = {
				BuildIndependentTargetsInParallel = 1;
				LastSwiftUpdateCheck = 1330;
				LastUpgradeCheck = 1330;
				TargetAttributes = {
					65B2CE4328073B0D00086953 = {
						CreatedOnToolsVersion = 13.3;
					};
				};
			};
			buildConfigurationList = 65B2CE3F28073B0D00086953 /* Build configuration list for PBXProject "sprint_02_applogin" */;
			compatibilityVersion = "Xcode 13.0";
			developmentRegion = en;
			hasScannedForEncodings = 0;
			knownRegions = (
				en,
				Base,
			);
			mainGroup = 65B2CE3B28073B0D00086953;
			productRefGroup = 65B2CE4528073B0D00086953 /* Products */;
			projectDirPath = "";
			projectRoot = "";
			targets = (
				65B2CE4328073B0D00086953 /* sprint_02_applogin */,
			);
		};
/* End PBXProject section */

/* Begin PBXResourcesBuildPhase section */
		65B2CE4228073B0D00086953 /* Resources */ = {
			isa = PBXResourcesBuildPhase;
			buildActionMask = 2147483647;
			files = (
				65B2AEB028077FC200D7B386 /* AbrilFatface-Regular.ttf in Resources */,
				65B2CE4F28073B0E00086953 /* Preview Assets.xcassets in Resources */,
				65B2CE4C28073B0E00086953 /* Assets.xcassets in Resources */,
			);
			runOnlyForDeploymentPostprocessing = 0;
		};
/* End PBXResourcesBuildPhase section */

/* Begin PBXSourcesBuildPhase section */
		65B2CE4028073B0D00086953 /* Sources */ = {
			isa = PBXSourcesBuildPhase;
			buildActionMask = 2147483647;
			files = (
				65B2CE4A28073B0D00086953 /* ContentView.swift in Sources */,
				65B2CE4828073B0D00086953 /* sprint_02_apploginApp.swift in Sources */,
			);
			runOnlyForDeploymentPostprocessing = 0;
		};
/* End PBXSourcesBuildPhase section */

/* Begin XCBuildConfiguration section */
		65B2CE5028073B0E00086953 /* Debug */ = {
			isa = XCBuildConfiguration;
			buildSettings = {
				ALWAYS_SEARCH_USER_PATHS = NO;
				CLANG_ANALYZER_NONNULL = YES;
				CLANG_ANALYZER_NUMBER_OBJECT_CONVERSION = YES_AGGRESSIVE;
				CLANG_CXX_LANGUAGE_STANDARD = "gnu++17";
				CLANG_ENABLE_MODULES = YES;
				CLANG_ENABLE_OBJC_ARC = YES;
				CLANG_ENABLE_OBJC_WEAK = YES;
				CLANG_WARN_BLOCK_CAPTURE_AUTORELEASING = YES;
				CLANG_WARN_BOOL_CONVERSION = YES;
				CLANG_WARN_COMMA = YES;
				CLANG_WARN_CONSTANT_CONVERSION = YES;
				CLANG_WARN_DEPRECATED_OBJC_IMPLEMENTATIONS = YES;
				CLANG_WARN_DIRECT_OBJC_ISA_USAGE = YES_ERROR;
				CLANG_WARN_DOCUMENTATION_COMMENTS = YES;
				CLANG_WARN_EMPTY_BODY = YES;
				CLANG_WARN_ENUM_CONVERSION = YES;
				CLANG_WARN_INFINITE_RECURSION = YES;
				CLANG_WARN_INT_CONVERSION = YES;
				CLANG_WARN_NON_LITERAL_NULL_CONVERSION = YES;
				CLANG_WARN_OBJC_IMPLICIT_RETAIN_SELF = YES;
				CLANG_WARN_OBJC_LITERAL_CONVERSION = YES;
				CLANG_WARN_OBJC_ROOT_CLASS = YES_ERROR;
				CLANG_WARN_QUOTED_INCLUDE_IN_FRAMEWORK_HEADER = YES;
				CLANG_WARN_RANGE_LOOP_ANALYSIS = YES;
				CLANG_WARN_STRICT_PROTOTYPES = YES;
				CLANG_WARN_SUSPICIOUS_MOVE = YES;
				CLANG_WARN_UNGUARDED_AVAILABILITY = YES_AGGRESSIVE;
				CLANG_WARN_UNREACHABLE_CODE = YES;
				CLANG_WARN__DUPLICATE_METHOD_MATCH = YES;
				COPY_PHASE_STRIP = NO;
				DEBUG_INFORMATION_FORMAT = dwarf;
				ENABLE_STRICT_OBJC_MSGSEND = YES;
				ENABLE_TESTABILITY = YES;
				GCC_C_LANGUAGE_STANDARD = gnu11;
				GCC_DYNAMIC_NO_PIC = NO;
				GCC_NO_COMMON_BLOCKS = YES;
				GCC_OPTIMIZATION_LEVEL = 0;
				GCC_PREPROCESSOR_DEFINITIONS = (
					"DEBUG=1",
					"$(inherited)",
				);
				GCC_WARN_64_TO_32_BIT_CONVERSION = YES;
				GCC_WARN_ABOUT_RETURN_TYPE = YES_ERROR;
				GCC_WARN_UNDECLARED_SELECTOR = YES;
				GCC_WARN_UNINITIALIZED_AUTOS = YES_AGGRESSIVE;
				GCC_WARN_UNUSED_FUNCTION = YES;
				GCC_WARN_UNUSED_VARIABLE = YES;
				IPHONEOS_DEPLOYMENT_TARGET = 15.4;
				MTL_ENABLE_DEBUG_INFO = INCLUDE_SOURCE;
				MTL_FAST_MATH = YES;
				ONLY_ACTIVE_ARCH = YES;
				SDKROOT = iphoneos;
				SWIFT_ACTIVE_COMPILATION_CONDITIONS = DEBUG;
				SWIFT_OPTIMIZATION_LEVEL = "-Onone";
			};
			name = Debug;
		};
		65B2CE5128073B0E00086953 /* Release */ = {
			isa = XCBuildConfiguration;
			buildSettings = {
				ALWAYS_SEARCH_USER_PATHS = NO;
				CLANG_ANALYZER_NONNULL = YES;
				CLANG_ANALYZER_NUMBER_OBJECT_CONVERSION = YES_AGGRESSIVE;
				CLANG_CXX_LANGUAGE_STANDARD = "gnu++17";
				CLANG_ENABLE_MODULES = YES;
				CLANG_ENABLE_OBJC_ARC = YES;
				CLANG_ENABLE_OBJC_WEAK = YES;
				CLANG_WARN_BLOCK_CAPTURE_AUTORELEASING = YES;
				CLANG_WARN_BOOL_CONVERSION = YES;
				CLANG_WARN_COMMA = YES;
				CLANG_WARN_CONSTANT_CONVERSION = YES;
				CLANG_WARN_DEPRECATED_OBJC_IMPLEMENTATIONS = YES;
				CLANG_WARN_DIRECT_OBJC_ISA_USAGE = YES_ERROR;
				CLANG_WARN_DOCUMENTATION_COMMENTS = YES;
				CLANG_WARN_EMPTY_BODY = YES;
				CLANG_WARN_ENUM_CONVERSION = YES;
				CLANG_WARN_INFINITE_RECURSION = YES;
				CLANG_WARN_INT_CONVERSION = YES;
				CLANG_WARN_NON_LITERAL_NULL_CONVERSION = YES;
				CLANG_WARN_OBJC_IMPLICIT_RETAIN_SELF = YES;
				CLANG_WARN_OBJC_LITERAL_CONVERSION = YES;
				CLANG_WARN_OBJC_ROOT_CLASS = YES_ERROR;
				CLANG_WARN_QUOTED_INCLUDE_IN_FRAMEWORK_HEADER = YES;
				CLANG_WARN_RANGE_LOOP_ANALYSIS = YES;
				CLANG_WARN_STRICT_PROTOTYPES = YES;
				CLANG_WARN_SUSPICIOUS_MOVE = YES;
				CLANG_WARN_UNGUARDED_AVAILABILITY = YES_AGGRESSIVE;
				CLANG_WARN_UNREACHABLE_CODE = YES;
				CLANG_WARN__DUPLICATE_METHOD_MATCH = YES;
				COPY_PHASE_STRIP = NO;
				DEBUG_INFORMATION_FORMAT = "dwarf-with-dsym";
				ENABLE_NS_ASSERTIONS = NO;
				ENABLE_STRICT_OBJC_MSGSEND = YES;
				GCC_C_LANGUAGE_STANDARD = gnu11;
				GCC_NO_COMMON_BLOCKS = YES;
				GCC_WARN_64_TO_32_BIT_CONVERSION = YES;
				GCC_WARN_ABOUT_RETURN_TYPE = YES_ERROR;
				GCC_WARN_UNDECLARED_SELECTOR = YES;
				GCC_WARN_UNINITIALIZED_AUTOS = YES_AGGRESSIVE;
				GCC_WARN_UNUSED_FUNCTION = YES;
				GCC_WARN_UNUSED_VARIABLE = YES;
				IPHONEOS_DEPLOYMENT_TARGET = 15.4;
				MTL_ENABLE_DEBUG_INFO = NO;
				MTL_FAST_MATH = YES;
				SDKROOT = iphoneos;
				SWIFT_COMPILATION_MODE = wholemodule;
				SWIFT_OPTIMIZATION_LEVEL = "-O";
				VALIDATE_PRODUCT = YES;
			};
			name = Release;
		};
		65B2CE5328073B0E00086953 /* Debug */ = {
			isa = XCBuildConfiguration;
			buildSettings = {
				ASSETCATALOG_COMPILER_APPICON_NAME = AppIcon;
				ASSETCATALOG_COMPILER_GLOBAL_ACCENT_COLOR_NAME = AccentColor;
				CODE_SIGN_STYLE = Automatic;
				CURRENT_PROJECT_VERSION = 1;
				DEVELOPMENT_ASSET_PATHS = "\"sprint_02_applogin/Preview Content\"";
				DEVELOPMENT_TEAM = 4HPPGS6GJD;
				ENABLE_PREVIEWS = YES;
				GENERATE_INFOPLIST_FILE = YES;
				INFOPLIST_FILE = "sprint-02-applogin-Info.plist";
				INFOPLIST_KEY_UIApplicationSceneManifest_Generation = YES;
				INFOPLIST_KEY_UIApplicationSupportsIndirectInputEvents = YES;
				INFOPLIST_KEY_UILaunchScreen_Generation = YES;
				INFOPLIST_KEY_UISupportedInterfaceOrientations_iPad = "UIInterfaceOrientationPortrait UIInterfaceOrientationPortraitUpsideDown UIInterfaceOrientationLandscapeLeft UIInterfaceOrientationLandscapeRight";
				INFOPLIST_KEY_UISupportedInterfaceOrientations_iPhone = "UIInterfaceOrientationPortrait UIInterfaceOrientationLandscapeLeft UIInterfaceOrientationLandscapeRight";
				LD_RUNPATH_SEARCH_PATHS = (
					"$(inherited)",
					"@executable_path/Frameworks",
				);
				MARKETING_VERSION = 1.0;
				PRODUCT_BUNDLE_IDENTIFIER = "com.fredsonsilva.sprint-02-applogin";
				PRODUCT_NAME = "$(TARGET_NAME)";
				SWIFT_EMIT_LOC_STRINGS = YES;
				SWIFT_VERSION = 5.0;
				TARGETED_DEVICE_FAMILY = "1,2";
			};
			name = Debug;
		};
		65B2CE5428073B0E00086953 /* Release */ = {
			isa = XCBuildConfiguration;
			buildSettings = {
				ASSETCATALOG_COMPILER_APPICON_NAME = AppIcon;
				ASSETCATALOG_COMPILER_GLOBAL_ACCENT_COLOR_NAME = AccentColor;
				CODE_SIGN_STYLE = Automatic;
				CURRENT_PROJECT_VERSION = 1;
				DEVELOPMENT_ASSET_PATHS = "\"sprint_02_applogin/Preview Content\"";
				DEVELOPMENT_TEAM = 4HPPGS6GJD;
				ENABLE_PREVIEWS = YES;
				GENERATE_INFOPLIST_FILE = YES;
				INFOPLIST_FILE = "sprint-02-applogin-Info.plist";
				INFOPLIST_KEY_UIApplicationSceneManifest_Generation = YES;
				INFOPLIST_KEY_UIApplicationSupportsIndirectInputEvents = YES;
				INFOPLIST_KEY_UILaunchScreen_Generation = YES;
				INFOPLIST_KEY_UISupportedInterfaceOrientations_iPad = "UIInterfaceOrientationPortrait UIInterfaceOrientationPortraitUpsideDown UIInterfaceOrientationLandscapeLeft UIInterfaceOrientationLandscapeRight";
				INFOPLIST_KEY_UISupportedInterfaceOrientations_iPhone = "UIInterfaceOrientationPortrait UIInterfaceOrientationLandscapeLeft UIInterfaceOrientationLandscapeRight";
				LD_RUNPATH_SEARCH_PATHS = (
					"$(inherited)",
					"@executable_path/Frameworks",
				);
				MARKETING_VERSION = 1.0;
				PRODUCT_BUNDLE_IDENTIFIER = "com.fredsonsilva.sprint-02-applogin";
				PRODUCT_NAME = "$(TARGET_NAME)";
				SWIFT_EMIT_LOC_STRINGS = YES;
				SWIFT_VERSION = 5.0;
				TARGETED_DEVICE_FAMILY = "1,2";
			};
			name = Release;
		};
/* End XCBuildConfiguration section */

/* Begin XCConfigurationList section */
		65B2CE3F28073B0D00086953 /* Build configuration list for PBXProject "sprint_02_applogin" */ = {
			isa = XCConfigurationList;
			buildConfigurations = (
				65B2CE5028073B0E00086953 /* Debug */,
				65B2CE5128073B0E00086953 /* Release */,
			);
			defaultConfigurationIsVisible = 0;
			defaultConfigurationName = Release;
		};
		65B2CE5228073B0E00086953 /* Build configuration list for PBXNativeTarget "sprint_02_applogin" */ = {
			isa = XCConfigurationList;
			buildConfigurations = (
				65B2CE5328073B0E00086953 /* Debug */,
				65B2CE5428073B0E00086953 /* Release */,
			);
			defaultConfigurationIsVisible = 0;
			defaultConfigurationName = Release;
		};
/* End XCConfigurationList section */
	};
	rootObject = 65B2CE3C28073B0D00086953 /* Project object */;
}
